{
    "version": 3,
    "terraform_version": "0.9.6",
    "serial": 1,
    "lineage": "81fc814d-d169-477f-a36d-cf0a4d199211",
    "modules": [
        {
            "path": [
                "root"
            ],
            "outputs": {},
            "resources": {
                "aws_instance.example": {
                    "type": "aws_instance",
                    "depends_on": [],
                    "primary": {
                        "id": "i-02fb9d6c91e32c5e4",
                        "attributes": {
                            "ami": "ami-fb90bd9b",
                            "associate_public_ip_address": "true",
                            "availability_zone": "us-west-1c",
                            "disable_api_termination": "false",
                            "ebs_block_device.#": "0",
                            "ebs_optimized": "false",
                            "ephemeral_block_device.#": "0",
                            "iam_instance_profile": "",
                            "id": "i-02fb9d6c91e32c5e4",
                            "instance_state": "running",
                            "instance_type": "t2.micro",
                            "ipv6_addresses.#": "0",
                            "key_name": "",
                            "monitoring": "false",
                            "network_interface.#": "0",
                            "network_interface_id": "eni-04720404",
                            "primary_network_interface_id": "eni-04720404",
                            "private_dns": "ip-172-31-3-97.us-west-1.compute.internal",
                            "private_ip": "172.31.3.97",
                            "public_dns": "ec2-54-193-59-1.us-west-1.compute.amazonaws.com",
                            "public_ip": "54.193.59.1",
                            "root_block_device.#": "1",
                            "root_block_device.0.delete_on_termination": "true",
                            "root_block_device.0.iops": "0",
                            "root_block_device.0.volume_size": "8",
                            "root_block_device.0.volume_type": "standard",
                            "security_groups.#": "0",
                            "source_dest_check": "true",
                            "subnet_id": "subnet-b901dae1",
                            "tags.%": "3",
                            "tags.Name": "web1",
                            "tags.region": "east",
                            "tags.tier": "web",
                            "tenancy": "default",
                            "volume_tags.%": "0",
                            "vpc_security_group_ids.#": "1",
                            "vpc_security_group_ids.1477981550": "sg-d6844eb1"
                        },
                        "meta": {
                            "e2bfb730-ecaa-11e6-8f88-34363bc7c4c0": {
                                "create": 600000000000,
                                "delete": 600000000000,
                                "update": 600000000000
                            },
                            "schema_version": "1"
                        },
                        "tainted": false
                    },
                    "deposed": [],
                    "provider": ""
                }
            },
            "depends_on": []
        }
    ]
}
